
Microsoft Visual Studio Solution File, Format Version 12.00
# Visual Studio Version 17
VisualStudioVersion = 17.3.32929.385
MinimumVisualStudioVersion = 10.0.40219.1
Project("{9A19103F-16F7-4668-BE54-9A1E7A4F7556}") = "Crack.xSource", "Crack.xSource\Crack.xSource.csproj", "{0D954755-D962-4087-9469-E12633FE34AC}"
EndProject
Global
	GlobalSection(SolutionConfigurationPlatforms) = preSolution
		Debug|Any CPU = Debug|Any CPU
		Release|Any CPU = Release|Any CPU
	EndGlobalSection
	GlobalSection(ProjectConfigurationPlatforms) = postSolution
		{0D954755-D962-4087-9469-E12633FE34AC}.Debug|Any CPU.ActiveCfg = Debug|Any CPU
		{0D954755-D962-4087-9469-E12633FE34AC}.Debug|Any CPU.Build.0 = Debug|Any CPU
		{0D954755-D962-4087-9469-E12633FE34AC}.Release|Any CPU.ActiveCfg = Release|Any CPU
		{0D954755-D962-4087-9469-E12633FE34AC}.Release|Any CPU.Build.0 = Release|Any CPU
	EndGlobalSection
	GlobalSection(SolutionProperties) = preSolution
		HideSolutionNode = FALSE
	EndGlobalSection
	GlobalSection(ExtensibilityGlobals) = postSolution
		SolutionGuid = {25CFA452-E7B7-4C8E-B508-33B4E629A0A6}
	EndGlobalSection
EndGlobal
