
Microsoft Visual Studio Solution File, Format Version 12.00
# Visual Studio Version 17
VisualStudioVersion = 17.3.32929.385
MinimumVisualStudioVersion = 10.0.40219.1
Project("{9A19103F-16F7-4668-BE54-9A1E7A4F7556}") = "Crack.xSource", "Crack.xSource\Crack.xSource.csproj", "{682C3E6A-4E4E-44AB-B7BF-F6094A683476}"
EndProject
Project("{9A19103F-16F7-4668-BE54-9A1E7A4F7556}") = "vxzip", "vxzip\vxzip.csproj", "{FE49DDAA-C676-41AC-9696-F1EAB1191B91}"
EndProject
Project("{9A19103F-16F7-4668-BE54-9A1E7A4F7556}") = "mdl-swap", "mdl-swap\mdl-swap.csproj", "{036A0BDD-BBC2-48F2-81F0-955188280E5C}"
EndProject
Project("{9A19103F-16F7-4668-BE54-9A1E7A4F7556}") = "mdl-swap-tests", "mdl-swap-tests\mdl-swap-tests.csproj", "{3AE07B71-17D1-4556-8919-4D7275DEF256}"
EndProject
Project("{2150E333-8FDC-42A3-9474-1A3956D46DE8}") = "Apps", "Apps", "{5D69143B-CE09-446D-BFAC-3B5BBEFA548B}"
EndProject
Project("{2150E333-8FDC-42A3-9474-1A3956D46DE8}") = "Tests", "Tests", "{1E1B8822-859F-4BDB-8111-5AA302C77CCC}"
EndProject
Project("{9A19103F-16F7-4668-BE54-9A1E7A4F7556}") = "TestApp", "TestApp\TestApp.csproj", "{45A31C79-A485-4073-A2BE-D6CBD9A06B03}"
EndProject
Global
	GlobalSection(SolutionConfigurationPlatforms) = preSolution
		Debug|Any CPU = Debug|Any CPU
		Release|Any CPU = Release|Any CPU
	EndGlobalSection
	GlobalSection(ProjectConfigurationPlatforms) = postSolution
		{682C3E6A-4E4E-44AB-B7BF-F6094A683476}.Debug|Any CPU.ActiveCfg = Debug|Any CPU
		{682C3E6A-4E4E-44AB-B7BF-F6094A683476}.Debug|Any CPU.Build.0 = Debug|Any CPU
		{682C3E6A-4E4E-44AB-B7BF-F6094A683476}.Release|Any CPU.ActiveCfg = Release|Any CPU
		{682C3E6A-4E4E-44AB-B7BF-F6094A683476}.Release|Any CPU.Build.0 = Release|Any CPU
		{FE49DDAA-C676-41AC-9696-F1EAB1191B91}.Debug|Any CPU.ActiveCfg = Debug|Any CPU
		{FE49DDAA-C676-41AC-9696-F1EAB1191B91}.Debug|Any CPU.Build.0 = Debug|Any CPU
		{FE49DDAA-C676-41AC-9696-F1EAB1191B91}.Release|Any CPU.ActiveCfg = Release|Any CPU
		{FE49DDAA-C676-41AC-9696-F1EAB1191B91}.Release|Any CPU.Build.0 = Release|Any CPU
		{036A0BDD-BBC2-48F2-81F0-955188280E5C}.Debug|Any CPU.ActiveCfg = Debug|Any CPU
		{036A0BDD-BBC2-48F2-81F0-955188280E5C}.Debug|Any CPU.Build.0 = Debug|Any CPU
		{036A0BDD-BBC2-48F2-81F0-955188280E5C}.Release|Any CPU.ActiveCfg = Release|Any CPU
		{036A0BDD-BBC2-48F2-81F0-955188280E5C}.Release|Any CPU.Build.0 = Release|Any CPU
		{3AE07B71-17D1-4556-8919-4D7275DEF256}.Debug|Any CPU.ActiveCfg = Debug|Any CPU
		{3AE07B71-17D1-4556-8919-4D7275DEF256}.Debug|Any CPU.Build.0 = Debug|Any CPU
		{3AE07B71-17D1-4556-8919-4D7275DEF256}.Release|Any CPU.ActiveCfg = Release|Any CPU
		{3AE07B71-17D1-4556-8919-4D7275DEF256}.Release|Any CPU.Build.0 = Release|Any CPU
		{45A31C79-A485-4073-A2BE-D6CBD9A06B03}.Debug|Any CPU.ActiveCfg = Debug|Any CPU
		{45A31C79-A485-4073-A2BE-D6CBD9A06B03}.Debug|Any CPU.Build.0 = Debug|Any CPU
		{45A31C79-A485-4073-A2BE-D6CBD9A06B03}.Release|Any CPU.ActiveCfg = Release|Any CPU
		{45A31C79-A485-4073-A2BE-D6CBD9A06B03}.Release|Any CPU.Build.0 = Release|Any CPU
	EndGlobalSection
	GlobalSection(SolutionProperties) = preSolution
		HideSolutionNode = FALSE
	EndGlobalSection
	GlobalSection(NestedProjects) = preSolution
		{FE49DDAA-C676-41AC-9696-F1EAB1191B91} = {5D69143B-CE09-446D-BFAC-3B5BBEFA548B}
		{036A0BDD-BBC2-48F2-81F0-955188280E5C} = {5D69143B-CE09-446D-BFAC-3B5BBEFA548B}
		{3AE07B71-17D1-4556-8919-4D7275DEF256} = {1E1B8822-859F-4BDB-8111-5AA302C77CCC}
		{45A31C79-A485-4073-A2BE-D6CBD9A06B03} = {5D69143B-CE09-446D-BFAC-3B5BBEFA548B}
	EndGlobalSection
	GlobalSection(ExtensibilityGlobals) = postSolution
		SolutionGuid = {99588360-37D0-4CCA-B92F-B702174503A1}
	EndGlobalSection
EndGlobal
